
Microsoft Visual Studio Solution File, Format Version 12.00
# Visual Studio Version 16
VisualStudioVersion = 16.0.34031.81
MinimumVisualStudioVersion = 10.0.40219.1
Project("{FAE04EC0-301F-11D3-BF4B-00C04F79EFBC}") = "DanhSachLienKetDon", "DanhSachLienKetDon\DanhSachLienKetDon.csproj", "{367E507E-34B6-40F0-B148-6051A8999F89}"
EndProject
Project("{FAE04EC0-301F-11D3-BF4B-00C04F79EFBC}") = "BaiTap2_DSLKDon", "BaiTap2_DSLKDon\BaiTap2_DSLKDon.csproj", "{26EB56A9-B9C1-465E-8BE4-BC69AE3FE54B}"
EndProject
Global
	GlobalSection(SolutionConfigurationPlatforms) = preSolution
		Debug|Any CPU = Debug|Any CPU
		Release|Any CPU = Release|Any CPU
	EndGlobalSection
	GlobalSection(ProjectConfigurationPlatforms) = postSolution
		{367E507E-34B6-40F0-B148-6051A8999F89}.Debug|Any CPU.ActiveCfg = Debug|Any CPU
		{367E507E-34B6-40F0-B148-6051A8999F89}.Debug|Any CPU.Build.0 = Debug|Any CPU
		{367E507E-34B6-40F0-B148-6051A8999F89}.Release|Any CPU.ActiveCfg = Release|Any CPU
		{367E507E-34B6-40F0-B148-6051A8999F89}.Release|Any CPU.Build.0 = Release|Any CPU
		{26EB56A9-B9C1-465E-8BE4-BC69AE3FE54B}.Debug|Any CPU.ActiveCfg = Debug|Any CPU
		{26EB56A9-B9C1-465E-8BE4-BC69AE3FE54B}.Debug|Any CPU.Build.0 = Debug|Any CPU
		{26EB56A9-B9C1-465E-8BE4-BC69AE3FE54B}.Release|Any CPU.ActiveCfg = Release|Any CPU
		{26EB56A9-B9C1-465E-8BE4-BC69AE3FE54B}.Release|Any CPU.Build.0 = Release|Any CPU
	EndGlobalSection
	GlobalSection(SolutionProperties) = preSolution
		HideSolutionNode = FALSE
	EndGlobalSection
	GlobalSection(ExtensibilityGlobals) = postSolution
		SolutionGuid = {9E20BD45-1458-4825-ADA7-C3A6511EB3D7}
	EndGlobalSection
EndGlobal
